
Microsoft Visual Studio Solution File, Format Version 12.00
# Visual Studio 14
VisualStudioVersion = 14.0.25420.1
MinimumVisualStudioVersion = 10.0.40219.1
Project("{2150E333-8FDC-42A3-9474-1A3956D46DE8}") = "src", "src", "{B4E3BC34-7BCF-410F-873F-21BB320794A5}"
EndProject
Project("{2150E333-8FDC-42A3-9474-1A3956D46DE8}") = "Solution Items", "Solution Items", "{84DAA818-6A3C-433A-AD56-37DE26DEFAE5}"
	ProjectSection(SolutionItems) = preProject
		global.json = global.json
	EndProjectSection
EndProject
Project("{8BB2217D-0F2D-49D1-97BC-3654ED321F3B}") = "InvestNinja.Core", "src\InvestNinja.Core\InvestNinja.Core.xproj", "{763D1E85-A790-46EC-897A-7D4D1B7B7F48}"
EndProject
Project("{8BB2217D-0F2D-49D1-97BC-3654ED321F3B}") = "InvestNinja.Web", "src\InvestNinja.Web\InvestNinja.Web.xproj", "{851DDC85-24C5-4258-9BD3-EFD35B1A5E2D}"
EndProject
Project("{8BB2217D-0F2D-49D1-97BC-3654ED321F3B}") = "InvestNinja.Data", "src\InvestNinja.Data\InvestNinja.Data.xproj", "{040A4C22-E913-4055-B745-9AAFA40ED9C9}"
EndProject
Project("{2150E333-8FDC-42A3-9474-1A3956D46DE8}") = "test", "test", "{BD60C162-7C71-4A16-98C5-772A06F6BEE9}"
EndProject
Project("{8BB2217D-0F2D-49D1-97BC-3654ED321F3B}") = "InvestNinja.Core.Test", "test\InvestNinja.Core.Test\InvestNinja.Core.Test.xproj", "{EFD096CA-153A-46A5-B659-80F76E4F1283}"
EndProject
Project("{E24C65DC-7377-472B-9ABA-BC803B73C61A}") = "InvestNinja.WebApp", "InvestNinja.WebApp\", "{D0FAF0D8-E015-45B3-8A37-4A24CCA85466}"
	ProjectSection(WebsiteProperties) = preProject
		TargetFrameworkMoniker = ".NETFramework,Version%3Dv4.0"
		Debug.AspNetCompiler.VirtualPath = "/localhost_58584"
		Debug.AspNetCompiler.PhysicalPath = "InvestNinja.WebApp\"
		Debug.AspNetCompiler.TargetPath = "PrecompiledWeb\localhost_58584\"
		Debug.AspNetCompiler.Updateable = "true"
		Debug.AspNetCompiler.ForceOverwrite = "true"
		Debug.AspNetCompiler.FixedNames = "false"
		Debug.AspNetCompiler.Debug = "True"
		Release.AspNetCompiler.VirtualPath = "/localhost_58584"
		Release.AspNetCompiler.PhysicalPath = "InvestNinja.WebApp\"
		Release.AspNetCompiler.TargetPath = "PrecompiledWeb\localhost_58584\"
		Release.AspNetCompiler.Updateable = "true"
		Release.AspNetCompiler.ForceOverwrite = "true"
		Release.AspNetCompiler.FixedNames = "false"
		Release.AspNetCompiler.Debug = "False"
		VWDPort = "58584"
		SlnRelativePath = "InvestNinja.WebApp\"
	EndProjectSection
EndProject
Project("{8BB2217D-0F2D-49D1-97BC-3654ED321F3B}") = "InvestNinja.ClassFinder", "src\InvestNinja.ClassFinder\InvestNinja.ClassFinder.xproj", "{D184D07C-5D16-4694-BBB9-2D3552E664B0}"
EndProject
Global
	GlobalSection(SolutionConfigurationPlatforms) = preSolution
		Debug|Any CPU = Debug|Any CPU
		Release|Any CPU = Release|Any CPU
	EndGlobalSection
	GlobalSection(ProjectConfigurationPlatforms) = postSolution
		{763D1E85-A790-46EC-897A-7D4D1B7B7F48}.Debug|Any CPU.ActiveCfg = Debug|Any CPU
		{763D1E85-A790-46EC-897A-7D4D1B7B7F48}.Debug|Any CPU.Build.0 = Debug|Any CPU
		{763D1E85-A790-46EC-897A-7D4D1B7B7F48}.Release|Any CPU.ActiveCfg = Release|Any CPU
		{763D1E85-A790-46EC-897A-7D4D1B7B7F48}.Release|Any CPU.Build.0 = Release|Any CPU
		{851DDC85-24C5-4258-9BD3-EFD35B1A5E2D}.Debug|Any CPU.ActiveCfg = Debug|Any CPU
		{851DDC85-24C5-4258-9BD3-EFD35B1A5E2D}.Debug|Any CPU.Build.0 = Debug|Any CPU
		{851DDC85-24C5-4258-9BD3-EFD35B1A5E2D}.Release|Any CPU.ActiveCfg = Release|Any CPU
		{851DDC85-24C5-4258-9BD3-EFD35B1A5E2D}.Release|Any CPU.Build.0 = Release|Any CPU
		{040A4C22-E913-4055-B745-9AAFA40ED9C9}.Debug|Any CPU.ActiveCfg = Debug|Any CPU
		{040A4C22-E913-4055-B745-9AAFA40ED9C9}.Debug|Any CPU.Build.0 = Debug|Any CPU
		{040A4C22-E913-4055-B745-9AAFA40ED9C9}.Release|Any CPU.ActiveCfg = Release|Any CPU
		{040A4C22-E913-4055-B745-9AAFA40ED9C9}.Release|Any CPU.Build.0 = Release|Any CPU
		{EFD096CA-153A-46A5-B659-80F76E4F1283}.Debug|Any CPU.ActiveCfg = Debug|Any CPU
		{EFD096CA-153A-46A5-B659-80F76E4F1283}.Debug|Any CPU.Build.0 = Debug|Any CPU
		{EFD096CA-153A-46A5-B659-80F76E4F1283}.Release|Any CPU.ActiveCfg = Release|Any CPU
		{EFD096CA-153A-46A5-B659-80F76E4F1283}.Release|Any CPU.Build.0 = Release|Any CPU
		{D0FAF0D8-E015-45B3-8A37-4A24CCA85466}.Debug|Any CPU.ActiveCfg = Debug|Any CPU
		{D0FAF0D8-E015-45B3-8A37-4A24CCA85466}.Debug|Any CPU.Build.0 = Debug|Any CPU
		{D0FAF0D8-E015-45B3-8A37-4A24CCA85466}.Release|Any CPU.ActiveCfg = Debug|Any CPU
		{D0FAF0D8-E015-45B3-8A37-4A24CCA85466}.Release|Any CPU.Build.0 = Debug|Any CPU
		{D184D07C-5D16-4694-BBB9-2D3552E664B0}.Debug|Any CPU.ActiveCfg = Debug|Any CPU
		{D184D07C-5D16-4694-BBB9-2D3552E664B0}.Debug|Any CPU.Build.0 = Debug|Any CPU
		{D184D07C-5D16-4694-BBB9-2D3552E664B0}.Release|Any CPU.ActiveCfg = Release|Any CPU
		{D184D07C-5D16-4694-BBB9-2D3552E664B0}.Release|Any CPU.Build.0 = Release|Any CPU
	EndGlobalSection
	GlobalSection(SolutionProperties) = preSolution
		HideSolutionNode = FALSE
	EndGlobalSection
	GlobalSection(NestedProjects) = preSolution
		{763D1E85-A790-46EC-897A-7D4D1B7B7F48} = {B4E3BC34-7BCF-410F-873F-21BB320794A5}
		{851DDC85-24C5-4258-9BD3-EFD35B1A5E2D} = {B4E3BC34-7BCF-410F-873F-21BB320794A5}
		{040A4C22-E913-4055-B745-9AAFA40ED9C9} = {B4E3BC34-7BCF-410F-873F-21BB320794A5}
		{EFD096CA-153A-46A5-B659-80F76E4F1283} = {BD60C162-7C71-4A16-98C5-772A06F6BEE9}
		{D184D07C-5D16-4694-BBB9-2D3552E664B0} = {B4E3BC34-7BCF-410F-873F-21BB320794A5}
	EndGlobalSection
EndGlobal
